
Microsoft Visual Studio Solution File, Format Version 12.00
# Visual Studio Version 17
VisualStudioVersion = 17.5.33627.172
MinimumVisualStudioVersion = 10.0.40219.1
Project("{9A19103F-16F7-4668-BE54-9A1E7A4F7556}") = "FluentConsole.Net", "FluentConsole.Net.csproj", "{89A21182-2E6D-4C76-9496-E20143DC4AA4}"
EndProject
Project("{9A19103F-16F7-4668-BE54-9A1E7A4F7556}") = "FluentConsole.TestApp", "FluentConsole.TestApp\FluentConsole.TestApp.csproj", "{44DF79FA-6FD3-40F6-AC40-935BE125921C}"
EndProject
Project("{2150E333-8FDC-42A3-9474-1A3956D46DE8}") = "Solution Items", "Solution Items", "{2CCED497-4227-4F34-906F-2E3D55802200}"
	ProjectSection(SolutionItems) = preProject
		CHANGELOG.md = CHANGELOG.md
		DONATIONS.md = DONATIONS.md
		LICENSE.md = LICENSE.md
		README.md = README.md
		ToDo.md = ToDo.md
	EndProjectSection
EndProject
Global
	GlobalSection(SolutionConfigurationPlatforms) = preSolution
		Debug|Any CPU = Debug|Any CPU
		Release|Any CPU = Release|Any CPU
	EndGlobalSection
	GlobalSection(ProjectConfigurationPlatforms) = postSolution
		{89A21182-2E6D-4C76-9496-E20143DC4AA4}.Debug|Any CPU.ActiveCfg = Debug|Any CPU
		{89A21182-2E6D-4C76-9496-E20143DC4AA4}.Debug|Any CPU.Build.0 = Debug|Any CPU
		{89A21182-2E6D-4C76-9496-E20143DC4AA4}.Release|Any CPU.ActiveCfg = Release|Any CPU
		{89A21182-2E6D-4C76-9496-E20143DC4AA4}.Release|Any CPU.Build.0 = Release|Any CPU
		{44DF79FA-6FD3-40F6-AC40-935BE125921C}.Debug|Any CPU.ActiveCfg = Debug|Any CPU
		{44DF79FA-6FD3-40F6-AC40-935BE125921C}.Debug|Any CPU.Build.0 = Debug|Any CPU
		{44DF79FA-6FD3-40F6-AC40-935BE125921C}.Release|Any CPU.ActiveCfg = Release|Any CPU
		{44DF79FA-6FD3-40F6-AC40-935BE125921C}.Release|Any CPU.Build.0 = Release|Any CPU
	EndGlobalSection
	GlobalSection(SolutionProperties) = preSolution
		HideSolutionNode = FALSE
	EndGlobalSection
	GlobalSection(ExtensibilityGlobals) = postSolution
		SolutionGuid = {A812C66F-3974-45B3-8C4C-340D6B6B1AB3}
	EndGlobalSection
EndGlobal
